// !$*UTF8*$!
{
	archiveVersion = 1;
	classes = {
	};
	objectVersion = 48;
	objects = {

/* Begin PBXBuildFile section */
		5011C7D4ABB4948DA5ED2A1E /* Pods_gpsTracker.framework in Frameworks */ = {isa = PBXBuildFile; fileRef = 52D50E1CB167872A24CD9BA8 /* Pods_gpsTracker.framework */; };
		550833182035B8430007EC08 /* Select_page.swift in Sources */ = {isa = PBXBuildFile; fileRef = 550833172035B8430007EC08 /* Select_page.swift */; };
		550A67B4202F916400AE1019 /* sailing_icon_20x20.png in Resources */ = {isa = PBXBuildFile; fileRef = 550A67A0202F916200AE1019 /* sailing_icon_20x20.png */; };
		550A67B5202F916400AE1019 /* sailing_icon_180x180.png in Resources */ = {isa = PBXBuildFile; fileRef = 550A67A1202F916200AE1019 /* sailing_icon_180x180.png */; };
		550A67B6202F916400AE1019 /* sailing_icon_240x240.png in Resources */ = {isa = PBXBuildFile; fileRef = 550A67A2202F916200AE1019 /* sailing_icon_240x240.png */; };
		550A67B7202F916400AE1019 /* sailing_icon_152x152.png in Resources */ = {isa = PBXBuildFile; fileRef = 550A67A3202F916200AE1019 /* sailing_icon_152x152.png */; };
		550A67B8202F916400AE1019 /* sailing_icon_512x512.png in Resources */ = {isa = PBXBuildFile; fileRef = 550A67A4202F916200AE1019 /* sailing_icon_512x512.png */; };
		550A67B9202F916400AE1019 /* sailing_icon_300x300.png in Resources */ = {isa = PBXBuildFile; fileRef = 550A67A5202F916200AE1019 /* sailing_icon_300x300.png */; };
		550A67BA202F916400AE1019 /* sailing_icon_76x76.png in Resources */ = {isa = PBXBuildFile; fileRef = 550A67A6202F916200AE1019 /* sailing_icon_76x76.png */; };
		550A67BB202F916400AE1019 /* sailing_icon_87x87.png in Resources */ = {isa = PBXBuildFile; fileRef = 550A67A7202F916200AE1019 /* sailing_icon_87x87.png */; };
		550A67BC202F916400AE1019 /* sailing_icon_150x150.png in Resources */ = {isa = PBXBuildFile; fileRef = 550A67A8202F916200AE1019 /* sailing_icon_150x150.png */; };
		550A67BD202F916400AE1019 /* sailing_icon_450x450.png in Resources */ = {isa = PBXBuildFile; fileRef = 550A67A9202F916300AE1019 /* sailing_icon_450x450.png */; };
		550A67BE202F916400AE1019 /* sailing_icon_80x80.png in Resources */ = {isa = PBXBuildFile; fileRef = 550A67AA202F916300AE1019 /* sailing_icon_80x80.png */; };
		550A67BF202F916400AE1019 /* sailing_icon_360x360.png in Resources */ = {isa = PBXBuildFile; fileRef = 550A67AB202F916300AE1019 /* sailing_icon_360x360.png */; };
		550A67C0202F916400AE1019 /* sailing_icon_120x120.png in Resources */ = {isa = PBXBuildFile; fileRef = 550A67AC202F916300AE1019 /* sailing_icon_120x120.png */; };
		550A67C1202F916400AE1019 /* sailing_icon_60x60.png in Resources */ = {isa = PBXBuildFile; fileRef = 550A67AD202F916300AE1019 /* sailing_icon_60x60.png */; };
		550A67C2202F916400AE1019 /* sailing_icon_1024x1024.png in Resources */ = {isa = PBXBuildFile; fileRef = 550A67AE202F916300AE1019 /* sailing_icon_1024x1024.png */; };
		550A67C3202F916400AE1019 /* sailing_icon_167x167.png in Resources */ = {isa = PBXBuildFile; fileRef = 550A67AF202F916300AE1019 /* sailing_icon_167x167.png */; };
		550A67C4202F916400AE1019 /* sailing_icon_256x256.png in Resources */ = {isa = PBXBuildFile; fileRef = 550A67B0202F916300AE1019 /* sailing_icon_256x256.png */; };
		550A67C5202F916400AE1019 /* sailing_icon_29x29.png in Resources */ = {isa = PBXBuildFile; fileRef = 550A67B1202F916300AE1019 /* sailing_icon_29x29.png */; };
		550A67C6202F916400AE1019 /* sailing_icon_40x40.png in Resources */ = {isa = PBXBuildFile; fileRef = 550A67B2202F916400AE1019 /* sailing_icon_40x40.png */; };
		550A67C7202F916400AE1019 /* sailing_icon_58x58.png in Resources */ = {isa = PBXBuildFile; fileRef = 550A67B3202F916400AE1019 /* sailing_icon_58x58.png */; };
		550A67CB202F916C00AE1019 /* skyblue_background_828x1472.png in Resources */ = {isa = PBXBuildFile; fileRef = 550A67C8202F916B00AE1019 /* skyblue_background_828x1472.png */; };
		550A67CC202F916C00AE1019 /* skyblue_background_1242x2208.png in Resources */ = {isa = PBXBuildFile; fileRef = 550A67C9202F916B00AE1019 /* skyblue_background_1242x2208.png */; };
		550A67CD202F916C00AE1019 /* skyblue_background.png in Resources */ = {isa = PBXBuildFile; fileRef = 550A67CA202F916B00AE1019 /* skyblue_background.png */; };
		550A67D0202F918800AE1019 /* logo.pdf in Resources */ = {isa = PBXBuildFile; fileRef = 550A67CF202F918800AE1019 /* logo.pdf */; };
		550A67D5202F91C300AE1019 /* hist_Event_20x20.png in Resources */ = {isa = PBXBuildFile; fileRef = 550A67D2202F91C300AE1019 /* hist_Event_20x20.png */; };
		550A67D6202F91C300AE1019 /* hist_Event_40x40.png in Resources */ = {isa = PBXBuildFile; fileRef = 550A67D3202F91C300AE1019 /* hist_Event_40x40.png */; };
		550A67D7202F91C300AE1019 /* hist_Event_60x60.png in Resources */ = {isa = PBXBuildFile; fileRef = 550A67D4202F91C300AE1019 /* hist_Event_60x60.png */; };
		550A67DC202F91DB00AE1019 /* Event_list_40x40.png in Resources */ = {isa = PBXBuildFile; fileRef = 550A67D9202F91DA00AE1019 /* Event_list_40x40.png */; };
		550A67DD202F91DB00AE1019 /* Event_list_60x60.png in Resources */ = {isa = PBXBuildFile; fileRef = 550A67DA202F91DA00AE1019 /* Event_list_60x60.png */; };
		550A67DE202F91DB00AE1019 /* Event_list_20x20.png in Resources */ = {isa = PBXBuildFile; fileRef = 550A67DB202F91DA00AE1019 /* Event_list_20x20.png */; };
		550A67E7202F920D00AE1019 /* SOS.pdf in Resources */ = {isa = PBXBuildFile; fileRef = 550A67E6202F920D00AE1019 /* SOS.pdf */; };
		550A67E9202F921600AE1019 /* Stop.pdf in Resources */ = {isa = PBXBuildFile; fileRef = 550A67E8202F921600AE1019 /* Stop.pdf */; };
		550A67EC202F922C00AE1019 /* GPS_Not_connected.pdf in Resources */ = {isa = PBXBuildFile; fileRef = 550A67EB202F922C00AE1019 /* GPS_Not_connected.pdf */; };
		550A67F0202F924100AE1019 /* GPS_Connected.pdf in Resources */ = {isa = PBXBuildFile; fileRef = 550A67EF202F924100AE1019 /* GPS_Connected.pdf */; };
		550A67F4202F925500AE1019 /* Net_Not_connected.pdf in Resources */ = {isa = PBXBuildFile; fileRef = 550A67F2202F925500AE1019 /* Net_Not_connected.pdf */; };
		550A67F5202F925500AE1019 /* Net_Connected.pdf in Resources */ = {isa = PBXBuildFile; fileRef = 550A67F3202F925500AE1019 /* Net_Connected.pdf */; };
		550AEE19202F37C200FC1978 /* Event.swift in Sources */ = {isa = PBXBuildFile; fileRef = 550AEE18202F37C200FC1978 /* Event.swift */; };
		550AEE1B202F3B9100FC1978 /* event_information.swift in Sources */ = {isa = PBXBuildFile; fileRef = 550AEE1A202F3B9100FC1978 /* event_information.swift */; };
		550AEE2C201653C700C0A986 /* Login_screen.storyboard in Resources */ = {isa = PBXBuildFile; fileRef = 550AEE2B201653C700C0A986 /* Login_screen.storyboard */; };
		550B1D4A2020845900213E81 /* set_location.swift in Sources */ = {isa = PBXBuildFile; fileRef = 550B1D492020845900213E81 /* set_location.swift */; };
		550B2E9020174AAE0027127F /* log_in.swift in Sources */ = {isa = PBXBuildFile; fileRef = 550B2E8F20174AAE0027127F /* log_in.swift */; };
		550BBF9220266ABA0075AC79 /* added_invitees.swift in Sources */ = {isa = PBXBuildFile; fileRef = 550BBF9120266ABA0075AC79 /* added_invitees.swift */; };
		550FDD2E203B0D6B00999C8A /* championship_20x20.png in Resources */ = {isa = PBXBuildFile; fileRef = 550FDD2B203B0D6A00999C8A /* championship_20x20.png */; };
		550FDD2F203B0D6B00999C8A /* championship_60x60.png in Resources */ = {isa = PBXBuildFile; fileRef = 550FDD2C203B0D6A00999C8A /* championship_60x60.png */; };
		550FDD30203B0D6B00999C8A /* championship_40x40.png in Resources */ = {isa = PBXBuildFile; fileRef = 550FDD2D203B0D6B00999C8A /* championship_40x40.png */; };
		550FDD35203B0E9600999C8A /* Event_20x20.png in Resources */ = {isa = PBXBuildFile; fileRef = 550FDD32203B0E9400999C8A /* Event_20x20.png */; };
		550FDD36203B0E9600999C8A /* Event_60x60.png in Resources */ = {isa = PBXBuildFile; fileRef = 550FDD33203B0E9400999C8A /* Event_60x60.png */; };
		550FDD37203B0E9600999C8A /* Event_40x40.png in Resources */ = {isa = PBXBuildFile; fileRef = 550FDD34203B0E9500999C8A /* Event_40x40.png */; };
		550FDD3B203B157600999C8A /* profile_40x40.png in Resources */ = {isa = PBXBuildFile; fileRef = 550FDD38203B157300999C8A /* profile_40x40.png */; };
		550FDD3C203B157600999C8A /* profile_60x60.png in Resources */ = {isa = PBXBuildFile; fileRef = 550FDD39203B157400999C8A /* profile_60x60.png */; };
		550FDD3D203B157600999C8A /* profile_20x20.png in Resources */ = {isa = PBXBuildFile; fileRef = 550FDD3A203B157400999C8A /* profile_20x20.png */; };
		550FDD42203B178D00999C8A /* Race_40x40.png in Resources */ = {isa = PBXBuildFile; fileRef = 550FDD3F203B178C00999C8A /* Race_40x40.png */; };
		550FDD43203B178D00999C8A /* Race_60x60.png in Resources */ = {isa = PBXBuildFile; fileRef = 550FDD40203B178C00999C8A /* Race_60x60.png */; };
		550FDD44203B178D00999C8A /* Race_20x20.png in Resources */ = {isa = PBXBuildFile; fileRef = 550FDD41203B178D00999C8A /* Race_20x20.png */; };
		550FDD46203B182C00999C8A /* Race.swift in Sources */ = {isa = PBXBuildFile; fileRef = 550FDD45203B182C00999C8A /* Race.swift */; };
		5512CCE2203B893500B17951 /* Profile_page.swift in Sources */ = {isa = PBXBuildFile; fileRef = 5512CCE1203B893500B17951 /* Profile_page.swift */; };
		55166B282029D879001A45A9 /* SwiftyJSON.framework in Frameworks */ = {isa = PBXBuildFile; fileRef = 55166B292029D879001A45A9 /* SwiftyJSON.framework */; };
		552865402022282E007D4707 /* LocationSearchTable.swift in Sources */ = {isa = PBXBuildFile; fileRef = 5528653F2022282E007D4707 /* LocationSearchTable.swift */; };
		552CF840201FD5F700620C29 /* Add_event.swift in Sources */ = {isa = PBXBuildFile; fileRef = 552CF83F201FD5F700620C29 /* Add_event.swift */; };
		554F424B2029CCBD0088534B /* Podfile in Resources */ = {isa = PBXBuildFile; fileRef = 554F424A2029CCBD0088534B /* Podfile */; };
		55548A142019444B00FC7E23 /* Championship.swift in Sources */ = {isa = PBXBuildFile; fileRef = 55548A132019444B00FC7E23 /* Championship.swift */; };
		5559739520161FFF00CAEBDC /* Assets.xcassets in Resources */ = {isa = PBXBuildFile; fileRef = 5559739420161FFF00CAEBDC /* Assets.xcassets */; };
		557F41632007E8DF0087239B /* AppDelegate.swift in Sources */ = {isa = PBXBuildFile; fileRef = 557F41622007E8DF0087239B /* AppDelegate.swift */; };
		557F41652007E8DF0087239B /* GpsAndSensor.swift in Sources */ = {isa = PBXBuildFile; fileRef = 557F41642007E8DF0087239B /* GpsAndSensor.swift */; };
		557F416D2007E8DF0087239B /* LaunchScreen.storyboard in Resources */ = {isa = PBXBuildFile; fileRef = 557F416B2007E8DF0087239B /* LaunchScreen.storyboard */; };
/* End PBXBuildFile section */

/* Begin PBXFileReference section */
		52D50E1CB167872A24CD9BA8 /* Pods_gpsTracker.framework */ = {isa = PBXFileReference; explicitFileType = wrapper.framework; includeInIndex = 0; path = Pods_gpsTracker.framework; sourceTree = BUILT_PRODUCTS_DIR; };
		550833172035B8430007EC08 /* Select_page.swift */ = {isa = PBXFileReference; lastKnownFileType = sourcecode.swift; path = Select_page.swift; sourceTree = "<group>"; };
		550A67A0202F916200AE1019 /* sailing_icon_20x20.png */ = {isa = PBXFileReference; lastKnownFileType = image.png; path = sailing_icon_20x20.png; sourceTree = "<group>"; };
		550A67A1202F916200AE1019 /* sailing_icon_180x180.png */ = {isa = PBXFileReference; lastKnownFileType = image.png; path = sailing_icon_180x180.png; sourceTree = "<group>"; };
		550A67A2202F916200AE1019 /* sailing_icon_240x240.png */ = {isa = PBXFileReference; lastKnownFileType = image.png; path = sailing_icon_240x240.png; sourceTree = "<group>"; };
		550A67A3202F916200AE1019 /* sailing_icon_152x152.png */ = {isa = PBXFileReference; lastKnownFileType = image.png; path = sailing_icon_152x152.png; sourceTree = "<group>"; };
		550A67A4202F916200AE1019 /* sailing_icon_512x512.png */ = {isa = PBXFileReference; lastKnownFileType = image.png; path = sailing_icon_512x512.png; sourceTree = "<group>"; };
		550A67A5202F916200AE1019 /* sailing_icon_300x300.png */ = {isa = PBXFileReference; lastKnownFileType = image.png; path = sailing_icon_300x300.png; sourceTree = "<group>"; };
		550A67A6202F916200AE1019 /* sailing_icon_76x76.png */ = {isa = PBXFileReference; lastKnownFileType = image.png; path = sailing_icon_76x76.png; sourceTree = "<group>"; };
		550A67A7202F916200AE1019 /* sailing_icon_87x87.png */ = {isa = PBXFileReference; lastKnownFileType = image.png; path = sailing_icon_87x87.png; sourceTree = "<group>"; };
		550A67A8202F916200AE1019 /* sailing_icon_150x150.png */ = {isa = PBXFileReference; lastKnownFileType = image.png; path = sailing_icon_150x150.png; sourceTree = "<group>"; };
		550A67A9202F916300AE1019 /* sailing_icon_450x450.png */ = {isa = PBXFileReference; lastKnownFileType = image.png; path = sailing_icon_450x450.png; sourceTree = "<group>"; };
		550A67AA202F916300AE1019 /* sailing_icon_80x80.png */ = {isa = PBXFileReference; lastKnownFileType = image.png; path = sailing_icon_80x80.png; sourceTree = "<group>"; };
		550A67AB202F916300AE1019 /* sailing_icon_360x360.png */ = {isa = PBXFileReference; lastKnownFileType = image.png; path = sailing_icon_360x360.png; sourceTree = "<group>"; };
		550A67AC202F916300AE1019 /* sailing_icon_120x120.png */ = {isa = PBXFileReference; lastKnownFileType = image.png; path = sailing_icon_120x120.png; sourceTree = "<group>"; };
		550A67AD202F916300AE1019 /* sailing_icon_60x60.png */ = {isa = PBXFileReference; lastKnownFileType = image.png; path = sailing_icon_60x60.png; sourceTree = "<group>"; };
		550A67AE202F916300AE1019 /* sailing_icon_1024x1024.png */ = {isa = PBXFileReference; lastKnownFileType = image.png; path = sailing_icon_1024x1024.png; sourceTree = "<group>"; };
		550A67AF202F916300AE1019 /* sailing_icon_167x167.png */ = {isa = PBXFileReference; lastKnownFileType = image.png; path = sailing_icon_167x167.png; sourceTree = "<group>"; };
		550A67B0202F916300AE1019 /* sailing_icon_256x256.png */ = {isa = PBXFileReference; lastKnownFileType = image.png; path = sailing_icon_256x256.png; sourceTree = "<group>"; };
		550A67B1202F916300AE1019 /* sailing_icon_29x29.png */ = {isa = PBXFileReference; lastKnownFileType = image.png; path = sailing_icon_29x29.png; sourceTree = "<group>"; };
		550A67B2202F916400AE1019 /* sailing_icon_40x40.png */ = {isa = PBXFileReference; lastKnownFileType = image.png; path = sailing_icon_40x40.png; sourceTree = "<group>"; };
		550A67B3202F916400AE1019 /* sailing_icon_58x58.png */ = {isa = PBXFileReference; lastKnownFileType = image.png; path = sailing_icon_58x58.png; sourceTree = "<group>"; };
		550A67C8202F916B00AE1019 /* skyblue_background_828x1472.png */ = {isa = PBXFileReference; lastKnownFileType = image.png; path = skyblue_background_828x1472.png; sourceTree = "<group>"; };
		550A67C9202F916B00AE1019 /* skyblue_background_1242x2208.png */ = {isa = PBXFileReference; lastKnownFileType = image.png; path = skyblue_background_1242x2208.png; sourceTree = "<group>"; };
		550A67CA202F916B00AE1019 /* skyblue_background.png */ = {isa = PBXFileReference; lastKnownFileType = image.png; path = skyblue_background.png; sourceTree = "<group>"; };
		550A67CF202F918800AE1019 /* logo.pdf */ = {isa = PBXFileReference; lastKnownFileType = image.pdf; path = logo.pdf; sourceTree = "<group>"; };
		550A67D2202F91C300AE1019 /* hist_Event_20x20.png */ = {isa = PBXFileReference; lastKnownFileType = image.png; path = hist_Event_20x20.png; sourceTree = "<group>"; };
		550A67D3202F91C300AE1019 /* hist_Event_40x40.png */ = {isa = PBXFileReference; lastKnownFileType = image.png; path = hist_Event_40x40.png; sourceTree = "<group>"; };
		550A67D4202F91C300AE1019 /* hist_Event_60x60.png */ = {isa = PBXFileReference; lastKnownFileType = image.png; path = hist_Event_60x60.png; sourceTree = "<group>"; };
		550A67D9202F91DA00AE1019 /* Event_list_40x40.png */ = {isa = PBXFileReference; lastKnownFileType = image.png; path = Event_list_40x40.png; sourceTree = "<group>"; };
		550A67DA202F91DA00AE1019 /* Event_list_60x60.png */ = {isa = PBXFileReference; lastKnownFileType = image.png; path = Event_list_60x60.png; sourceTree = "<group>"; };
		550A67DB202F91DA00AE1019 /* Event_list_20x20.png */ = {isa = PBXFileReference; lastKnownFileType = image.png; path = Event_list_20x20.png; sourceTree = "<group>"; };
		550A67E6202F920D00AE1019 /* SOS.pdf */ = {isa = PBXFileReference; lastKnownFileType = image.pdf; path = SOS.pdf; sourceTree = "<group>"; };
		550A67E8202F921600AE1019 /* Stop.pdf */ = {isa = PBXFileReference; lastKnownFileType = image.pdf; path = Stop.pdf; sourceTree = "<group>"; };
		550A67EB202F922C00AE1019 /* GPS_Not_connected.pdf */ = {isa = PBXFileReference; lastKnownFileType = image.pdf; path = GPS_Not_connected.pdf; sourceTree = "<group>"; };
		550A67EF202F924100AE1019 /* GPS_Connected.pdf */ = {isa = PBXFileReference; lastKnownFileType = image.pdf; path = GPS_Connected.pdf; sourceTree = "<group>"; };
		550A67F2202F925500AE1019 /* Net_Not_connected.pdf */ = {isa = PBXFileReference; lastKnownFileType = image.pdf; path = Net_Not_connected.pdf; sourceTree = "<group>"; };
		550A67F3202F925500AE1019 /* Net_Connected.pdf */ = {isa = PBXFileReference; lastKnownFileType = image.pdf; path = Net_Connected.pdf; sourceTree = "<group>"; };
		550AEE18202F37C200FC1978 /* Event.swift */ = {isa = PBXFileReference; lastKnownFileType = sourcecode.swift; path = Event.swift; sourceTree = "<group>"; };
		550AEE1A202F3B9100FC1978 /* event_information.swift */ = {isa = PBXFileReference; lastKnownFileType = sourcecode.swift; path = event_information.swift; sourceTree = "<group>"; };
		550AEE2B201653C700C0A986 /* Login_screen.storyboard */ = {isa = PBXFileReference; lastKnownFileType = file.storyboard; path = Login_screen.storyboard; sourceTree = "<group>"; };
		550B1D492020845900213E81 /* set_location.swift */ = {isa = PBXFileReference; lastKnownFileType = sourcecode.swift; path = set_location.swift; sourceTree = "<group>"; };
		550B2E8F20174AAE0027127F /* log_in.swift */ = {isa = PBXFileReference; lastKnownFileType = sourcecode.swift; path = log_in.swift; sourceTree = "<group>"; };
		550BBF9120266ABA0075AC79 /* added_invitees.swift */ = {isa = PBXFileReference; lastKnownFileType = sourcecode.swift; path = added_invitees.swift; sourceTree = "<group>"; };
		550FDD2B203B0D6A00999C8A /* championship_20x20.png */ = {isa = PBXFileReference; lastKnownFileType = image.png; path = championship_20x20.png; sourceTree = "<group>"; };
		550FDD2C203B0D6A00999C8A /* championship_60x60.png */ = {isa = PBXFileReference; lastKnownFileType = image.png; path = championship_60x60.png; sourceTree = "<group>"; };
		550FDD2D203B0D6B00999C8A /* championship_40x40.png */ = {isa = PBXFileReference; lastKnownFileType = image.png; path = championship_40x40.png; sourceTree = "<group>"; };
		550FDD32203B0E9400999C8A /* Event_20x20.png */ = {isa = PBXFileReference; lastKnownFileType = image.png; path = Event_20x20.png; sourceTree = "<group>"; };
		550FDD33203B0E9400999C8A /* Event_60x60.png */ = {isa = PBXFileReference; lastKnownFileType = image.png; path = Event_60x60.png; sourceTree = "<group>"; };
		550FDD34203B0E9500999C8A /* Event_40x40.png */ = {isa = PBXFileReference; lastKnownFileType = image.png; path = Event_40x40.png; sourceTree = "<group>"; };
		550FDD38203B157300999C8A /* profile_40x40.png */ = {isa = PBXFileReference; lastKnownFileType = image.png; path = profile_40x40.png; sourceTree = "<group>"; };
		550FDD39203B157400999C8A /* profile_60x60.png */ = {isa = PBXFileReference; lastKnownFileType = image.png; path = profile_60x60.png; sourceTree = "<group>"; };
		550FDD3A203B157400999C8A /* profile_20x20.png */ = {isa = PBXFileReference; lastKnownFileType = image.png; path = profile_20x20.png; sourceTree = "<group>"; };
		550FDD3F203B178C00999C8A /* Race_40x40.png */ = {isa = PBXFileReference; lastKnownFileType = image.png; path = Race_40x40.png; sourceTree = "<group>"; };
		550FDD40203B178C00999C8A /* Race_60x60.png */ = {isa = PBXFileReference; lastKnownFileType = image.png; path = Race_60x60.png; sourceTree = "<group>"; };
		550FDD41203B178D00999C8A /* Race_20x20.png */ = {isa = PBXFileReference; lastKnownFileType = image.png; path = Race_20x20.png; sourceTree = "<group>"; };
		550FDD45203B182C00999C8A /* Race.swift */ = {isa = PBXFileReference; lastKnownFileType = sourcecode.swift; path = Race.swift; sourceTree = "<group>"; };
		5512BD4A202A5F2500C19DBB /* CoreLocation.framework */ = {isa = PBXFileReference; lastKnownFileType = wrapper.framework; name = CoreLocation.framework; path = System/Library/Frameworks/CoreLocation.framework; sourceTree = SDKROOT; };
		5512CCE1203B893500B17951 /* Profile_page.swift */ = {isa = PBXFileReference; lastKnownFileType = sourcecode.swift; path = Profile_page.swift; sourceTree = "<group>"; };
		55166B292029D879001A45A9 /* SwiftyJSON.framework */ = {isa = PBXFileReference; explicitFileType = wrapper.framework; path = SwiftyJSON.framework; sourceTree = BUILT_PRODUCTS_DIR; };
		5528653F2022282E007D4707 /* LocationSearchTable.swift */ = {isa = PBXFileReference; lastKnownFileType = sourcecode.swift; path = LocationSearchTable.swift; sourceTree = "<group>"; };
		552CF83F201FD5F700620C29 /* Add_event.swift */ = {isa = PBXFileReference; lastKnownFileType = sourcecode.swift; path = Add_event.swift; sourceTree = "<group>"; };
		554F424A2029CCBD0088534B /* Podfile */ = {isa = PBXFileReference; lastKnownFileType = text; path = Podfile; sourceTree = "<group>"; xcLanguageSpecificationIdentifier = xcode.lang.ruby; };
		55548A132019444B00FC7E23 /* Championship.swift */ = {isa = PBXFileReference; lastKnownFileType = sourcecode.swift; path = Championship.swift; sourceTree = "<group>"; };
		5559739420161FFF00CAEBDC /* Assets.xcassets */ = {isa = PBXFileReference; lastKnownFileType = folder.assetcatalog; name = Assets.xcassets; path = ../../../xamarin/sailGPS/sailGPS/Assets.xcassets; sourceTree = "<group>"; };
		557F415F2007E8DF0087239B /* WindHound.app */ = {isa = PBXFileReference; explicitFileType = wrapper.application; includeInIndex = 0; path = WindHound.app; sourceTree = BUILT_PRODUCTS_DIR; };
		557F41622007E8DF0087239B /* AppDelegate.swift */ = {isa = PBXFileReference; lastKnownFileType = sourcecode.swift; path = AppDelegate.swift; sourceTree = "<group>"; };
		557F41642007E8DF0087239B /* GpsAndSensor.swift */ = {isa = PBXFileReference; lastKnownFileType = sourcecode.swift; path = GpsAndSensor.swift; sourceTree = "<group>"; };
		557F416C2007E8DF0087239B /* Base */ = {isa = PBXFileReference; lastKnownFileType = file.storyboard; name = Base; path = Base.lproj/LaunchScreen.storyboard; sourceTree = "<group>"; };
		557F416E2007E8DF0087239B /* Info.plist */ = {isa = PBXFileReference; lastKnownFileType = text.plist.xml; path = Info.plist; sourceTree = "<group>"; };
		EF9CF05843E5FBF14F617A45 /* Pods-gpsTracker.debug.xcconfig */ = {isa = PBXFileReference; includeInIndex = 1; lastKnownFileType = text.xcconfig; name = "Pods-gpsTracker.debug.xcconfig"; path = "Pods/Target Support Files/Pods-gpsTracker/Pods-gpsTracker.debug.xcconfig"; sourceTree = "<group>"; };
		F4D1C942EE929B99CBC34F87 /* Pods-gpsTracker.release.xcconfig */ = {isa = PBXFileReference; includeInIndex = 1; lastKnownFileType = text.xcconfig; name = "Pods-gpsTracker.release.xcconfig"; path = "Pods/Target Support Files/Pods-gpsTracker/Pods-gpsTracker.release.xcconfig"; sourceTree = "<group>"; };
/* End PBXFileReference section */

/* Begin PBXFrameworksBuildPhase section */
		557F415C2007E8DF0087239B /* Frameworks */ = {
			isa = PBXFrameworksBuildPhase;
			buildActionMask = 2147483647;
			files = (
				55166B282029D879001A45A9 /* SwiftyJSON.framework in Frameworks */,
				5011C7D4ABB4948DA5ED2A1E /* Pods_gpsTracker.framework in Frameworks */,
			);
			runOnlyForDeploymentPostprocessing = 0;
		};
/* End PBXFrameworksBuildPhase section */

/* Begin PBXGroup section */
		28CA76B51F8A61EBA5C6979D /* Pods */ = {
			isa = PBXGroup;
			children = (
				EF9CF05843E5FBF14F617A45 /* Pods-gpsTracker.debug.xcconfig */,
				F4D1C942EE929B99CBC34F87 /* Pods-gpsTracker.release.xcconfig */,
			);
			name = Pods;
			sourceTree = "<group>";
		};
		550A679D202F884B00AE1019 /* Icons */ = {
			isa = PBXGroup;
			children = (
				550FDD3E203B177D00999C8A /* Race */,
				550FDD31203B0E8C00999C8A /* Event */,
				550FDD2A203B0D5C00999C8A /* Championship */,
				550A67F1202F924800AE1019 /* Network */,
				550A67EA202F921E00AE1019 /* GPS */,
				550A67E8202F921600AE1019 /* Stop.pdf */,
				550A67E6202F920D00AE1019 /* SOS.pdf */,
				550A67DF202F91E900AE1019 /* Profile icon */,
				550A67D8202F91C800AE1019 /* Event_upcoming */,
				550A67D1202F91B300AE1019 /* Event_history */,
				550A67CE202F917B00AE1019 /* Logo for interface */,
				550A679F202F887600AE1019 /* Background */,
				550A679E202F886A00AE1019 /* App icon */,
			);
			path = Icons;
			sourceTree = "<group>";
		};
		550A679E202F886A00AE1019 /* App icon */ = {
			isa = PBXGroup;
			children = (
				550A67A0202F916200AE1019 /* sailing_icon_20x20.png */,
				550A67B1202F916300AE1019 /* sailing_icon_29x29.png */,
				550A67B2202F916400AE1019 /* sailing_icon_40x40.png */,
				550A67B3202F916400AE1019 /* sailing_icon_58x58.png */,
				550A67AD202F916300AE1019 /* sailing_icon_60x60.png */,
				550A67A6202F916200AE1019 /* sailing_icon_76x76.png */,
				550A67AA202F916300AE1019 /* sailing_icon_80x80.png */,
				550A67A7202F916200AE1019 /* sailing_icon_87x87.png */,
				550A67AC202F916300AE1019 /* sailing_icon_120x120.png */,
				550A67A8202F916200AE1019 /* sailing_icon_150x150.png */,
				550A67A3202F916200AE1019 /* sailing_icon_152x152.png */,
				550A67AF202F916300AE1019 /* sailing_icon_167x167.png */,
				550A67A1202F916200AE1019 /* sailing_icon_180x180.png */,
				550A67A2202F916200AE1019 /* sailing_icon_240x240.png */,
				550A67B0202F916300AE1019 /* sailing_icon_256x256.png */,
				550A67A5202F916200AE1019 /* sailing_icon_300x300.png */,
				550A67AB202F916300AE1019 /* sailing_icon_360x360.png */,
				550A67A9202F916300AE1019 /* sailing_icon_450x450.png */,
				550A67A4202F916200AE1019 /* sailing_icon_512x512.png */,
				550A67AE202F916300AE1019 /* sailing_icon_1024x1024.png */,
			);
			path = "App icon";
			sourceTree = "<group>";
		};
		550A679F202F887600AE1019 /* Background */ = {
			isa = PBXGroup;
			children = (
				550A67C8202F916B00AE1019 /* skyblue_background_828x1472.png */,
				550A67C9202F916B00AE1019 /* skyblue_background_1242x2208.png */,
				550A67CA202F916B00AE1019 /* skyblue_background.png */,
			);
			path = Background;
			sourceTree = "<group>";
		};
		550A67CE202F917B00AE1019 /* Logo for interface */ = {
			isa = PBXGroup;
			children = (
				550A67CF202F918800AE1019 /* logo.pdf */,
			);
			path = "Logo for interface";
			sourceTree = "<group>";
		};
		550A67D1202F91B300AE1019 /* Event_history */ = {
			isa = PBXGroup;
			children = (
				550A67D2202F91C300AE1019 /* hist_Event_20x20.png */,
				550A67D3202F91C300AE1019 /* hist_Event_40x40.png */,
				550A67D4202F91C300AE1019 /* hist_Event_60x60.png */,
			);
			path = Event_history;
			sourceTree = "<group>";
		};
		550A67D8202F91C800AE1019 /* Event_upcoming */ = {
			isa = PBXGroup;
			children = (
				550A67DB202F91DA00AE1019 /* Event_list_20x20.png */,
				550A67D9202F91DA00AE1019 /* Event_list_40x40.png */,
				550A67DA202F91DA00AE1019 /* Event_list_60x60.png */,
			);
			path = Event_upcoming;
			sourceTree = "<group>";
		};
		550A67DF202F91E900AE1019 /* Profile icon */ = {
			isa = PBXGroup;
			children = (
				550FDD3A203B157400999C8A /* profile_20x20.png */,
				550FDD38203B157300999C8A /* profile_40x40.png */,
				550FDD39203B157400999C8A /* profile_60x60.png */,
			);
			path = "Profile icon";
			sourceTree = "<group>";
		};
		550A67EA202F921E00AE1019 /* GPS */ = {
			isa = PBXGroup;
			children = (
				550A67EF202F924100AE1019 /* GPS_Connected.pdf */,
				550A67EB202F922C00AE1019 /* GPS_Not_connected.pdf */,
			);
			path = GPS;
			sourceTree = "<group>";
		};
		550A67F1202F924800AE1019 /* Network */ = {
			isa = PBXGroup;
			children = (
				550A67F3202F925500AE1019 /* Net_Connected.pdf */,
				550A67F2202F925500AE1019 /* Net_Not_connected.pdf */,
			);
			path = Network;
			sourceTree = "<group>";
		};
		550FDD2A203B0D5C00999C8A /* Championship */ = {
			isa = PBXGroup;
			children = (
				550FDD2B203B0D6A00999C8A /* championship_20x20.png */,
				550FDD2D203B0D6B00999C8A /* championship_40x40.png */,
				550FDD2C203B0D6A00999C8A /* championship_60x60.png */,
			);
			path = Championship;
			sourceTree = "<group>";
		};
		550FDD31203B0E8C00999C8A /* Event */ = {
			isa = PBXGroup;
			children = (
				550FDD32203B0E9400999C8A /* Event_20x20.png */,
				550FDD34203B0E9500999C8A /* Event_40x40.png */,
				550FDD33203B0E9400999C8A /* Event_60x60.png */,
			);
			path = Event;
			sourceTree = "<group>";
		};
		550FDD3E203B177D00999C8A /* Race */ = {
			isa = PBXGroup;
			children = (
				550FDD41203B178D00999C8A /* Race_20x20.png */,
				550FDD3F203B178C00999C8A /* Race_40x40.png */,
				550FDD40203B178C00999C8A /* Race_60x60.png */,
			);
			path = Race;
			sourceTree = "<group>";
		};
		557F41562007E8DF0087239B = {
			isa = PBXGroup;
			children = (
				554F424A2029CCBD0088534B /* Podfile */,
				557F41612007E8DF0087239B /* gpsTracker */,
				557F41602007E8DF0087239B /* Products */,
				28CA76B51F8A61EBA5C6979D /* Pods */,
				9F61C4DE1CB61021BC1A1573 /* Frameworks */,
			);
			sourceTree = "<group>";
		};
		557F41602007E8DF0087239B /* Products */ = {
			isa = PBXGroup;
			children = (
				557F415F2007E8DF0087239B /* WindHound.app */,
			);
			name = Products;
			sourceTree = "<group>";
		};
		557F41612007E8DF0087239B /* gpsTracker */ = {
			isa = PBXGroup;
			children = (
				550A679D202F884B00AE1019 /* Icons */,
				557F416B2007E8DF0087239B /* LaunchScreen.storyboard */,
				550AEE2B201653C700C0A986 /* Login_screen.storyboard */,
				5512CCE1203B893500B17951 /* Profile_page.swift */,
				550833172035B8430007EC08 /* Select_page.swift */,
				550B2E8F20174AAE0027127F /* log_in.swift */,
				55548A132019444B00FC7E23 /* Championship.swift */,
				550AEE18202F37C200FC1978 /* Event.swift */,
				550FDD45203B182C00999C8A /* Race.swift */,
				550AEE1A202F3B9100FC1978 /* event_information.swift */,
				557F41642007E8DF0087239B /* GpsAndSensor.swift */,
				552CF83F201FD5F700620C29 /* Add_event.swift */,
				550B1D492020845900213E81 /* set_location.swift */,
				5528653F2022282E007D4707 /* LocationSearchTable.swift */,
				550BBF9120266ABA0075AC79 /* added_invitees.swift */,
				557F41622007E8DF0087239B /* AppDelegate.swift */,
				5559739420161FFF00CAEBDC /* Assets.xcassets */,
				557F416E2007E8DF0087239B /* Info.plist */,
			);
			path = gpsTracker;
			sourceTree = "<group>";
		};
		9F61C4DE1CB61021BC1A1573 /* Frameworks */ = {
			isa = PBXGroup;
			children = (
				5512BD4A202A5F2500C19DBB /* CoreLocation.framework */,
				55166B292029D879001A45A9 /* SwiftyJSON.framework */,
				52D50E1CB167872A24CD9BA8 /* Pods_gpsTracker.framework */,
			);
			name = Frameworks;
			sourceTree = "<group>";
		};
/* End PBXGroup section */

/* Begin PBXNativeTarget section */
		557F415E2007E8DF0087239B /* WindHound */ = {
			isa = PBXNativeTarget;
			buildConfigurationList = 557F41712007E8DF0087239B /* Build configuration list for PBXNativeTarget "WindHound" */;
			buildPhases = (
				7EA4FD844C937AA60305394B /* [CP] Check Pods Manifest.lock */,
				557F415B2007E8DF0087239B /* Sources */,
				557F415C2007E8DF0087239B /* Frameworks */,
				557F415D2007E8DF0087239B /* Resources */,
				1191F890D5A13B0E0BCBDEA7 /* [CP] Embed Pods Frameworks */,
				F508D9ECE65E6B9FB5D96621 /* [CP] Copy Pods Resources */,
			);
			buildRules = (
			);
			dependencies = (
			);
			name = WindHound;
			productName = gpsTracker;
			productReference = 557F415F2007E8DF0087239B /* WindHound.app */;
			productType = "com.apple.product-type.application";
		};
/* End PBXNativeTarget section */

/* Begin PBXProject section */
		557F41572007E8DF0087239B /* Project object */ = {
			isa = PBXProject;
			attributes = {
				LastSwiftUpdateCheck = 0920;
				LastUpgradeCheck = 0920;
				ORGANIZATIONNAME = "신종훈";
				TargetAttributes = {
					557F415E2007E8DF0087239B = {
						CreatedOnToolsVersion = 9.2;
						ProvisioningStyle = Automatic;
					};
				};
			};
			buildConfigurationList = 557F415A2007E8DF0087239B /* Build configuration list for PBXProject "WindHound" */;
			compatibilityVersion = "Xcode 8.0";
			developmentRegion = en;
			hasScannedForEncodings = 0;
			knownRegions = (
				en,
				Base,
			);
			mainGroup = 557F41562007E8DF0087239B;
			productRefGroup = 557F41602007E8DF0087239B /* Products */;
			projectDirPath = "";
			projectRoot = "";
			targets = (
				557F415E2007E8DF0087239B /* WindHound */,
			);
		};
/* End PBXProject section */

/* Begin PBXResourcesBuildPhase section */
		557F415D2007E8DF0087239B /* Resources */ = {
			isa = PBXResourcesBuildPhase;
			buildActionMask = 2147483647;
			files = (
				550A67BA202F916400AE1019 /* sailing_icon_76x76.png in Resources */,
				550A67D0202F918800AE1019 /* logo.pdf in Resources */,
				557F416D2007E8DF0087239B /* LaunchScreen.storyboard in Resources */,
				550A67DC202F91DB00AE1019 /* Event_list_40x40.png in Resources */,
				550A67B7202F916400AE1019 /* sailing_icon_152x152.png in Resources */,
				550A67CB202F916C00AE1019 /* skyblue_background_828x1472.png in Resources */,
				550A67F4202F925500AE1019 /* Net_Not_connected.pdf in Resources */,
				550A67C4202F916400AE1019 /* sailing_icon_256x256.png in Resources */,
				550A67C2202F916400AE1019 /* sailing_icon_1024x1024.png in Resources */,
				550A67BF202F916400AE1019 /* sailing_icon_360x360.png in Resources */,
				550A67F5202F925500AE1019 /* Net_Connected.pdf in Resources */,
				550A67C3202F916400AE1019 /* sailing_icon_167x167.png in Resources */,
				550A67BE202F916400AE1019 /* sailing_icon_80x80.png in Resources */,
				550A67B6202F916400AE1019 /* sailing_icon_240x240.png in Resources */,
				550FDD2F203B0D6B00999C8A /* championship_60x60.png in Resources */,
				550A67F0202F924100AE1019 /* GPS_Connected.pdf in Resources */,
				550A67EC202F922C00AE1019 /* GPS_Not_connected.pdf in Resources */,
				550A67C5202F916400AE1019 /* sailing_icon_29x29.png in Resources */,
				5559739520161FFF00CAEBDC /* Assets.xcassets in Resources */,
				550FDD44203B178D00999C8A /* Race_20x20.png in Resources */,
				550FDD3B203B157600999C8A /* profile_40x40.png in Resources */,
				550A67CD202F916C00AE1019 /* skyblue_background.png in Resources */,
				550A67BD202F916400AE1019 /* sailing_icon_450x450.png in Resources */,
				550A67C6202F916400AE1019 /* sailing_icon_40x40.png in Resources */,
				550FDD42203B178D00999C8A /* Race_40x40.png in Resources */,
				550A67E7202F920D00AE1019 /* SOS.pdf in Resources */,
				550A67BB202F916400AE1019 /* sailing_icon_87x87.png in Resources */,
				550A67D6202F91C300AE1019 /* hist_Event_40x40.png in Resources */,
				550A67E9202F921600AE1019 /* Stop.pdf in Resources */,
				550FDD36203B0E9600999C8A /* Event_60x60.png in Resources */,
				550FDD37203B0E9600999C8A /* Event_40x40.png in Resources */,
				550A67B8202F916400AE1019 /* sailing_icon_512x512.png in Resources */,
				550A67B9202F916400AE1019 /* sailing_icon_300x300.png in Resources */,
				550A67DE202F91DB00AE1019 /* Event_list_20x20.png in Resources */,
				550FDD3C203B157600999C8A /* profile_60x60.png in Resources */,
				550FDD35203B0E9600999C8A /* Event_20x20.png in Resources */,
				550A67B4202F916400AE1019 /* sailing_icon_20x20.png in Resources */,
				550A67C7202F916400AE1019 /* sailing_icon_58x58.png in Resources */,
				550A67B5202F916400AE1019 /* sailing_icon_180x180.png in Resources */,
				550FDD3D203B157600999C8A /* profile_20x20.png in Resources */,
				550A67C1202F916400AE1019 /* sailing_icon_60x60.png in Resources */,
				550A67D7202F91C300AE1019 /* hist_Event_60x60.png in Resources */,
				550A67D5202F91C300AE1019 /* hist_Event_20x20.png in Resources */,
				550A67BC202F916400AE1019 /* sailing_icon_150x150.png in Resources */,
				550A67CC202F916C00AE1019 /* skyblue_background_1242x2208.png in Resources */,
				550A67DD202F91DB00AE1019 /* Event_list_60x60.png in Resources */,
				550A67C0202F916400AE1019 /* sailing_icon_120x120.png in Resources */,
				550FDD30203B0D6B00999C8A /* championship_40x40.png in Resources */,
				554F424B2029CCBD0088534B /* Podfile in Resources */,
				550FDD2E203B0D6B00999C8A /* championship_20x20.png in Resources */,
				550FDD43203B178D00999C8A /* Race_60x60.png in Resources */,
				550AEE2C201653C700C0A986 /* Login_screen.storyboard in Resources */,
			);
			runOnlyForDeploymentPostprocessing = 0;
		};
/* End PBXResourcesBuildPhase section */

/* Begin PBXShellScriptBuildPhase section */
		1191F890D5A13B0E0BCBDEA7 /* [CP] Embed Pods Frameworks */ = {
			isa = PBXShellScriptBuildPhase;
			buildActionMask = 2147483647;
			files = (
			);
			inputPaths = (
				"${SRCROOT}/Pods/Target Support Files/Pods-gpsTracker/Pods-gpsTracker-frameworks.sh",
				"${BUILT_PRODUCTS_DIR}/SwiftyJSON/SwiftyJSON.framework",
			);
			name = "[CP] Embed Pods Frameworks";
			outputPaths = (
				"${TARGET_BUILD_DIR}/${FRAMEWORKS_FOLDER_PATH}/SwiftyJSON.framework",
			);
			runOnlyForDeploymentPostprocessing = 0;
			shellPath = /bin/sh;
			shellScript = "\"${SRCROOT}/Pods/Target Support Files/Pods-gpsTracker/Pods-gpsTracker-frameworks.sh\"\n";
			showEnvVarsInLog = 0;
		};
		7EA4FD844C937AA60305394B /* [CP] Check Pods Manifest.lock */ = {
			isa = PBXShellScriptBuildPhase;
			buildActionMask = 2147483647;
			files = (
			);
			inputPaths = (
				"${PODS_PODFILE_DIR_PATH}/Podfile.lock",
				"${PODS_ROOT}/Manifest.lock",
			);
			name = "[CP] Check Pods Manifest.lock";
			outputPaths = (
				"$(DERIVED_FILE_DIR)/Pods-gpsTracker-checkManifestLockResult.txt",
			);
			runOnlyForDeploymentPostprocessing = 0;
			shellPath = /bin/sh;
			shellScript = "diff \"${PODS_PODFILE_DIR_PATH}/Podfile.lock\" \"${PODS_ROOT}/Manifest.lock\" > /dev/null\nif [ $? != 0 ] ; then\n    # print error to STDERR\n    echo \"error: The sandbox is not in sync with the Podfile.lock. Run 'pod install' or update your CocoaPods installation.\" >&2\n    exit 1\nfi\n# This output is used by Xcode 'outputs' to avoid re-running this script phase.\necho \"SUCCESS\" > \"${SCRIPT_OUTPUT_FILE_0}\"\n";
			showEnvVarsInLog = 0;
		};
		F508D9ECE65E6B9FB5D96621 /* [CP] Copy Pods Resources */ = {
			isa = PBXShellScriptBuildPhase;
			buildActionMask = 2147483647;
			files = (
			);
			inputPaths = (
			);
			name = "[CP] Copy Pods Resources";
			outputPaths = (
			);
			runOnlyForDeploymentPostprocessing = 0;
			shellPath = /bin/sh;
			shellScript = "\"${SRCROOT}/Pods/Target Support Files/Pods-gpsTracker/Pods-gpsTracker-resources.sh\"\n";
			showEnvVarsInLog = 0;
		};
/* End PBXShellScriptBuildPhase section */

/* Begin PBXSourcesBuildPhase section */
		557F415B2007E8DF0087239B /* Sources */ = {
			isa = PBXSourcesBuildPhase;
			buildActionMask = 2147483647;
			files = (
				552865402022282E007D4707 /* LocationSearchTable.swift in Sources */,
				55548A142019444B00FC7E23 /* Championship.swift in Sources */,
				550833182035B8430007EC08 /* Select_page.swift in Sources */,
				5512CCE2203B893500B17951 /* Profile_page.swift in Sources */,
				550B1D4A2020845900213E81 /* set_location.swift in Sources */,
				550FDD46203B182C00999C8A /* Race.swift in Sources */,
				550B2E9020174AAE0027127F /* log_in.swift in Sources */,
				557F41652007E8DF0087239B /* GpsAndSensor.swift in Sources */,
				550AEE1B202F3B9100FC1978 /* event_information.swift in Sources */,
				550AEE19202F37C200FC1978 /* Event.swift in Sources */,
				552CF840201FD5F700620C29 /* Add_event.swift in Sources */,
				557F41632007E8DF0087239B /* AppDelegate.swift in Sources */,
				550BBF9220266ABA0075AC79 /* added_invitees.swift in Sources */,
			);
			runOnlyForDeploymentPostprocessing = 0;
		};
/* End PBXSourcesBuildPhase section */

/* Begin PBXVariantGroup section */
		557F416B2007E8DF0087239B /* LaunchScreen.storyboard */ = {
			isa = PBXVariantGroup;
			children = (
				557F416C2007E8DF0087239B /* Base */,
			);
			name = LaunchScreen.storyboard;
			sourceTree = "<group>";
		};
/* End PBXVariantGroup section */

/* Begin XCBuildConfiguration section */
		557F416F2007E8DF0087239B /* Debug */ = {
			isa = XCBuildConfiguration;
			buildSettings = {
				ALWAYS_SEARCH_USER_PATHS = NO;
				CLANG_ANALYZER_NONNULL = YES;
				CLANG_ANALYZER_NUMBER_OBJECT_CONVERSION = YES_AGGRESSIVE;
				CLANG_CXX_LANGUAGE_STANDARD = "gnu++14";
				CLANG_CXX_LIBRARY = "libc++";
				CLANG_ENABLE_MODULES = YES;
				CLANG_ENABLE_OBJC_ARC = YES;
				CLANG_WARN_BLOCK_CAPTURE_AUTORELEASING = YES;
				CLANG_WARN_BOOL_CONVERSION = YES;
				CLANG_WARN_COMMA = YES;
				CLANG_WARN_CONSTANT_CONVERSION = YES;
				CLANG_WARN_DIRECT_OBJC_ISA_USAGE = YES_ERROR;
				CLANG_WARN_DOCUMENTATION_COMMENTS = YES;
				CLANG_WARN_EMPTY_BODY = YES;
				CLANG_WARN_ENUM_CONVERSION = YES;
				CLANG_WARN_INFINITE_RECURSION = YES;
				CLANG_WARN_INT_CONVERSION = YES;
				CLANG_WARN_NON_LITERAL_NULL_CONVERSION = YES;
				CLANG_WARN_OBJC_LITERAL_CONVERSION = YES;
				CLANG_WARN_OBJC_ROOT_CLASS = YES_ERROR;
				CLANG_WARN_RANGE_LOOP_ANALYSIS = YES;
				CLANG_WARN_STRICT_PROTOTYPES = YES;
				CLANG_WARN_SUSPICIOUS_MOVE = YES;
				CLANG_WARN_UNGUARDED_AVAILABILITY = YES_AGGRESSIVE;
				CLANG_WARN_UNREACHABLE_CODE = YES;
				CLANG_WARN__DUPLICATE_METHOD_MATCH = YES;
				CODE_SIGN_IDENTITY = "iPhone Developer";
				COPY_PHASE_STRIP = NO;
				DEBUG_INFORMATION_FORMAT = dwarf;
				ENABLE_STRICT_OBJC_MSGSEND = YES;
				ENABLE_TESTABILITY = YES;
				GCC_C_LANGUAGE_STANDARD = gnu11;
				GCC_DYNAMIC_NO_PIC = NO;
				GCC_NO_COMMON_BLOCKS = YES;
				GCC_OPTIMIZATION_LEVEL = 0;
				GCC_PREPROCESSOR_DEFINITIONS = (
					"DEBUG=1",
					"$(inherited)",
				);
				GCC_WARN_64_TO_32_BIT_CONVERSION = YES;
				GCC_WARN_ABOUT_RETURN_TYPE = YES_ERROR;
				GCC_WARN_UNDECLARED_SELECTOR = YES;
				GCC_WARN_UNINITIALIZED_AUTOS = YES_AGGRESSIVE;
				GCC_WARN_UNUSED_FUNCTION = YES;
				GCC_WARN_UNUSED_VARIABLE = YES;
				IPHONEOS_DEPLOYMENT_TARGET = 11.2;
				MTL_ENABLE_DEBUG_INFO = YES;
				ONLY_ACTIVE_ARCH = YES;
				SDKROOT = iphoneos;
				SWIFT_ACTIVE_COMPILATION_CONDITIONS = DEBUG;
				SWIFT_OPTIMIZATION_LEVEL = "-Onone";
			};
			name = Debug;
		};
		557F41702007E8DF0087239B /* Release */ = {
			isa = XCBuildConfiguration;
			buildSettings = {
				ALWAYS_SEARCH_USER_PATHS = NO;
				CLANG_ANALYZER_NONNULL = YES;
				CLANG_ANALYZER_NUMBER_OBJECT_CONVERSION = YES_AGGRESSIVE;
				CLANG_CXX_LANGUAGE_STANDARD = "gnu++14";
				CLANG_CXX_LIBRARY = "libc++";
				CLANG_ENABLE_MODULES = YES;
				CLANG_ENABLE_OBJC_ARC = YES;
				CLANG_WARN_BLOCK_CAPTURE_AUTORELEASING = YES;
				CLANG_WARN_BOOL_CONVERSION = YES;
				CLANG_WARN_COMMA = YES;
				CLANG_WARN_CONSTANT_CONVERSION = YES;
				CLANG_WARN_DIRECT_OBJC_ISA_USAGE = YES_ERROR;
				CLANG_WARN_DOCUMENTATION_COMMENTS = YES;
				CLANG_WARN_EMPTY_BODY = YES;
				CLANG_WARN_ENUM_CONVERSION = YES;
				CLANG_WARN_INFINITE_RECURSION = YES;
				CLANG_WARN_INT_CONVERSION = YES;
				CLANG_WARN_NON_LITERAL_NULL_CONVERSION = YES;
				CLANG_WARN_OBJC_LITERAL_CONVERSION = YES;
				CLANG_WARN_OBJC_ROOT_CLASS = YES_ERROR;
				CLANG_WARN_RANGE_LOOP_ANALYSIS = YES;
				CLANG_WARN_STRICT_PROTOTYPES = YES;
				CLANG_WARN_SUSPICIOUS_MOVE = YES;
				CLANG_WARN_UNGUARDED_AVAILABILITY = YES_AGGRESSIVE;
				CLANG_WARN_UNREACHABLE_CODE = YES;
				CLANG_WARN__DUPLICATE_METHOD_MATCH = YES;
				CODE_SIGN_IDENTITY = "iPhone Developer";
				COPY_PHASE_STRIP = NO;
				DEBUG_INFORMATION_FORMAT = "dwarf-with-dsym";
				ENABLE_NS_ASSERTIONS = NO;
				ENABLE_STRICT_OBJC_MSGSEND = YES;
				GCC_C_LANGUAGE_STANDARD = gnu11;
				GCC_NO_COMMON_BLOCKS = YES;
				GCC_WARN_64_TO_32_BIT_CONVERSION = YES;
				GCC_WARN_ABOUT_RETURN_TYPE = YES_ERROR;
				GCC_WARN_UNDECLARED_SELECTOR = YES;
				GCC_WARN_UNINITIALIZED_AUTOS = YES_AGGRESSIVE;
				GCC_WARN_UNUSED_FUNCTION = YES;
				GCC_WARN_UNUSED_VARIABLE = YES;
				IPHONEOS_DEPLOYMENT_TARGET = 11.2;
				MTL_ENABLE_DEBUG_INFO = NO;
				SDKROOT = iphoneos;
				SWIFT_OPTIMIZATION_LEVEL = "-Owholemodule";
				VALIDATE_PRODUCT = YES;
			};
			name = Release;
		};
		557F41722007E8DF0087239B /* Debug */ = {
			isa = XCBuildConfiguration;
			baseConfigurationReference = EF9CF05843E5FBF14F617A45 /* Pods-gpsTracker.debug.xcconfig */;
			buildSettings = {
				ASSETCATALOG_COMPILER_APPICON_NAME = AppIcon;
				CODE_SIGN_STYLE = Automatic;
				DEVELOPMENT_TEAM = SY6JF4JZZ4;
				INFOPLIST_FILE = gpsTracker/Info.plist;
				LD_RUNPATH_SEARCH_PATHS = "$(inherited) @executable_path/Frameworks";
				PRODUCT_BUNDLE_IDENTIFIER = sailingclub.WindHound;
				PRODUCT_NAME = "$(TARGET_NAME)";
				SWIFT_VERSION = 4.0;
				TARGETED_DEVICE_FAMILY = "1,2";
			};
			name = Debug;
		};
		557F41732007E8DF0087239B /* Release */ = {
			isa = XCBuildConfiguration;
			baseConfigurationReference = F4D1C942EE929B99CBC34F87 /* Pods-gpsTracker.release.xcconfig */;
			buildSettings = {
				ASSETCATALOG_COMPILER_APPICON_NAME = AppIcon;
				CODE_SIGN_STYLE = Automatic;
				DEVELOPMENT_TEAM = SY6JF4JZZ4;
				INFOPLIST_FILE = gpsTracker/Info.plist;
				LD_RUNPATH_SEARCH_PATHS = "$(inherited) @executable_path/Frameworks";
				PRODUCT_BUNDLE_IDENTIFIER = sailingclub.WindHound;
				PRODUCT_NAME = "$(TARGET_NAME)";
				SWIFT_VERSION = 4.0;
				TARGETED_DEVICE_FAMILY = "1,2";
			};
			name = Release;
		};
/* End XCBuildConfiguration section */

/* Begin XCConfigurationList section */
		557F415A2007E8DF0087239B /* Build configuration list for PBXProject "WindHound" */ = {
			isa = XCConfigurationList;
			buildConfigurations = (
				557F416F2007E8DF0087239B /* Debug */,
				557F41702007E8DF0087239B /* Release */,
			);
			defaultConfigurationIsVisible = 0;
			defaultConfigurationName = Release;
		};
		557F41712007E8DF0087239B /* Build configuration list for PBXNativeTarget "WindHound" */ = {
			isa = XCConfigurationList;
			buildConfigurations = (
				557F41722007E8DF0087239B /* Debug */,
				557F41732007E8DF0087239B /* Release */,
			);
			defaultConfigurationIsVisible = 0;
			defaultConfigurationName = Release;
		};
/* End XCConfigurationList section */
	};
	rootObject = 557F41572007E8DF0087239B /* Project object */;
}
